
Microsoft Visual Studio Solution File, Format Version 12.00
# Visual Studio Version 16
VisualStudioVersion = 25.0.1704.3
MinimumVisualStudioVersion = 10.0.40219.1
Project("{FAE04EC0-301F-11D3-BF4B-00C04F79EFBC}") = "csharp", "csharp.csproj", "{A07BD013-CD95-4B32-90F4-33D3441A2184}"
EndProject
Global
	GlobalSection(SolutionConfigurationPlatforms) = preSolution
		Debug|Any CPU = Debug|Any CPU
		Release|Any CPU = Release|Any CPU
	EndGlobalSection
	GlobalSection(ProjectConfigurationPlatforms) = postSolution
		{A07BD013-CD95-4B32-90F4-33D3441A2184}.Debug|Any CPU.ActiveCfg = Debug|Any CPU
		{A07BD013-CD95-4B32-90F4-33D3441A2184}.Debug|Any CPU.Build.0 = Debug|Any CPU
		{A07BD013-CD95-4B32-90F4-33D3441A2184}.Release|Any CPU.ActiveCfg = Release|Any CPU
		{A07BD013-CD95-4B32-90F4-33D3441A2184}.Release|Any CPU.Build.0 = Release|Any CPU
	EndGlobalSection
	GlobalSection(SolutionProperties) = preSolution
		HideSolutionNode = FALSE
	EndGlobalSection
	GlobalSection(ExtensibilityGlobals) = postSolution
		SolutionGuid = {392AE12A-8D45-44B7-9105-BDDF5B339982}
	EndGlobalSection
EndGlobal
