# THIS IS AN AUTOGENERATED FILE. DO NOT EDIT THIS FILE DIRECTLY.
# yarn lockfile v1


"@solid-primitives/reducer@^0.0.101":
  version "0.0.101"
  resolved "https://registry.yarnpkg.com/@solid-primitives/reducer/-/reducer-0.0.101.tgz#0d81d8d32294fcfc91b4e5fa1f693c7cbdae2291"
  integrity sha512-ApMHhIBtPo38gfQ1x9ikclu3yP3jQ3Gk4aFRovi/+Ij1KT+uHwOO+dBbSVj0AHLShUXezGKdxY2RRTUpX7oLcg==
